
Microsoft Visual Studio Solution File, Format Version 12.00
# Visual Studio Version 16
VisualStudioVersion = 16.0.33423.256
MinimumVisualStudioVersion = 10.0.40219.1
Project("{FAE04EC0-301F-11D3-BF4B-00C04F79EFBC}") = "WEEK 6 Self Assesment 1", "WEEK 6 Self Assesment 1\WEEK 6 Self Assesment 1.csproj", "{8377D5E1-723F-4ABA-8D9C-C638C208DFE5}"
EndProject
Global
	GlobalSection(SolutionConfigurationPlatforms) = preSolution
		Debug|Any CPU = Debug|Any CPU
		Release|Any CPU = Release|Any CPU
	EndGlobalSection
	GlobalSection(ProjectConfigurationPlatforms) = postSolution
		{8377D5E1-723F-4ABA-8D9C-C638C208DFE5}.Debug|Any CPU.ActiveCfg = Debug|Any CPU
		{8377D5E1-723F-4ABA-8D9C-C638C208DFE5}.Debug|Any CPU.Build.0 = Debug|Any CPU
		{8377D5E1-723F-4ABA-8D9C-C638C208DFE5}.Release|Any CPU.ActiveCfg = Release|Any CPU
		{8377D5E1-723F-4ABA-8D9C-C638C208DFE5}.Release|Any CPU.Build.0 = Release|Any CPU
	EndGlobalSection
	GlobalSection(SolutionProperties) = preSolution
		HideSolutionNode = FALSE
	EndGlobalSection
	GlobalSection(ExtensibilityGlobals) = postSolution
		SolutionGuid = {E4942393-9309-4AAE-9739-D6525120A256}
	EndGlobalSection
EndGlobal
