
Microsoft Visual Studio Solution File, Format Version 12.00
# Visual Studio Version 16
VisualStudioVersion = 16.0.33423.256
MinimumVisualStudioVersion = 10.0.40219.1
Project("{FAE04EC0-301F-11D3-BF4B-00C04F79EFBC}") = "HMS V5", "HMS V5\HMS V5.csproj", "{ACC6EFD8-A0C7-4F08-B539-911C9A46C309}"
EndProject
Global
	GlobalSection(SolutionConfigurationPlatforms) = preSolution
		Debug|Any CPU = Debug|Any CPU
		Release|Any CPU = Release|Any CPU
	EndGlobalSection
	GlobalSection(ProjectConfigurationPlatforms) = postSolution
		{ACC6EFD8-A0C7-4F08-B539-911C9A46C309}.Debug|Any CPU.ActiveCfg = Debug|Any CPU
		{ACC6EFD8-A0C7-4F08-B539-911C9A46C309}.Debug|Any CPU.Build.0 = Debug|Any CPU
		{ACC6EFD8-A0C7-4F08-B539-911C9A46C309}.Release|Any CPU.ActiveCfg = Release|Any CPU
		{ACC6EFD8-A0C7-4F08-B539-911C9A46C309}.Release|Any CPU.Build.0 = Release|Any CPU
	EndGlobalSection
	GlobalSection(SolutionProperties) = preSolution
		HideSolutionNode = FALSE
	EndGlobalSection
	GlobalSection(ExtensibilityGlobals) = postSolution
		SolutionGuid = {3F38A625-1898-4077-90EA-CC90478B5F0A}
	EndGlobalSection
EndGlobal
