
Microsoft Visual Studio Solution File, Format Version 12.00
# Visual Studio Version 16
VisualStudioVersion = 16.0.33423.256
MinimumVisualStudioVersion = 10.0.40219.1
Project("{FAE04EC0-301F-11D3-BF4B-00C04F79EFBC}") = "SignUp Week 9", "SignUp Week 9\SignUp Week 9.csproj", "{932D8D3B-58F7-4F8A-AD11-4933F5F52170}"
EndProject
Global
	GlobalSection(SolutionConfigurationPlatforms) = preSolution
		Debug|Any CPU = Debug|Any CPU
		Release|Any CPU = Release|Any CPU
	EndGlobalSection
	GlobalSection(ProjectConfigurationPlatforms) = postSolution
		{932D8D3B-58F7-4F8A-AD11-4933F5F52170}.Debug|Any CPU.ActiveCfg = Debug|Any CPU
		{932D8D3B-58F7-4F8A-AD11-4933F5F52170}.Debug|Any CPU.Build.0 = Debug|Any CPU
		{932D8D3B-58F7-4F8A-AD11-4933F5F52170}.Release|Any CPU.ActiveCfg = Release|Any CPU
		{932D8D3B-58F7-4F8A-AD11-4933F5F52170}.Release|Any CPU.Build.0 = Release|Any CPU
	EndGlobalSection
	GlobalSection(SolutionProperties) = preSolution
		HideSolutionNode = FALSE
	EndGlobalSection
	GlobalSection(ExtensibilityGlobals) = postSolution
		SolutionGuid = {ABF459E2-D8D0-48FA-94B9-86A4AF05A99D}
	EndGlobalSection
EndGlobal
