
Microsoft Visual Studio Solution File, Format Version 12.00
# Visual Studio Version 16
VisualStudioVersion = 16.0.33423.256
MinimumVisualStudioVersion = 10.0.40219.1
Project("{FAE04EC0-301F-11D3-BF4B-00C04F79EFBC}") = "WEEK 3 Departmental Store", "WEEK 3 Departmental Store\WEEK 3 Departmental Store.csproj", "{8E4BF0BD-5D24-41C7-A227-B786B9E18F6D}"
EndProject
Global
	GlobalSection(SolutionConfigurationPlatforms) = preSolution
		Debug|Any CPU = Debug|Any CPU
		Release|Any CPU = Release|Any CPU
	EndGlobalSection
	GlobalSection(ProjectConfigurationPlatforms) = postSolution
		{8E4BF0BD-5D24-41C7-A227-B786B9E18F6D}.Debug|Any CPU.ActiveCfg = Debug|Any CPU
		{8E4BF0BD-5D24-41C7-A227-B786B9E18F6D}.Debug|Any CPU.Build.0 = Debug|Any CPU
		{8E4BF0BD-5D24-41C7-A227-B786B9E18F6D}.Release|Any CPU.ActiveCfg = Release|Any CPU
		{8E4BF0BD-5D24-41C7-A227-B786B9E18F6D}.Release|Any CPU.Build.0 = Release|Any CPU
	EndGlobalSection
	GlobalSection(SolutionProperties) = preSolution
		HideSolutionNode = FALSE
	EndGlobalSection
	GlobalSection(ExtensibilityGlobals) = postSolution
		SolutionGuid = {D1F8EBA8-FC5B-46F8-B771-B18A2F28A397}
	EndGlobalSection
EndGlobal
