
Microsoft Visual Studio Solution File, Format Version 12.00
# Visual Studio Version 16
VisualStudioVersion = 16.0.33423.256
MinimumVisualStudioVersion = 10.0.40219.1
Project("{FAE04EC0-301F-11D3-BF4B-00C04F79EFBC}") = "Pacman Week 6", "Pacman Week 6\Pacman Week 6.csproj", "{04AF5043-B2E7-4AC1-A804-8B4CCF00BF5A}"
EndProject
Global
	GlobalSection(SolutionConfigurationPlatforms) = preSolution
		Debug|Any CPU = Debug|Any CPU
		Release|Any CPU = Release|Any CPU
	EndGlobalSection
	GlobalSection(ProjectConfigurationPlatforms) = postSolution
		{04AF5043-B2E7-4AC1-A804-8B4CCF00BF5A}.Debug|Any CPU.ActiveCfg = Debug|Any CPU
		{04AF5043-B2E7-4AC1-A804-8B4CCF00BF5A}.Debug|Any CPU.Build.0 = Debug|Any CPU
		{04AF5043-B2E7-4AC1-A804-8B4CCF00BF5A}.Release|Any CPU.ActiveCfg = Release|Any CPU
		{04AF5043-B2E7-4AC1-A804-8B4CCF00BF5A}.Release|Any CPU.Build.0 = Release|Any CPU
	EndGlobalSection
	GlobalSection(SolutionProperties) = preSolution
		HideSolutionNode = FALSE
	EndGlobalSection
	GlobalSection(ExtensibilityGlobals) = postSolution
		SolutionGuid = {FAE63301-E51D-435D-A002-C37BEFA070D5}
	EndGlobalSection
EndGlobal
