
Microsoft Visual Studio Solution File, Format Version 12.00
# Visual Studio Version 16
VisualStudioVersion = 16.0.33423.256
MinimumVisualStudioVersion = 10.0.40219.1
Project("{FAE04EC0-301F-11D3-BF4B-00C04F79EFBC}") = "Challenge01", "Challenge01\Challenge01.csproj", "{9724B01A-7F34-47CD-AE79-146F417AAC0C}"
EndProject
Global
	GlobalSection(SolutionConfigurationPlatforms) = preSolution
		Debug|Any CPU = Debug|Any CPU
		Release|Any CPU = Release|Any CPU
	EndGlobalSection
	GlobalSection(ProjectConfigurationPlatforms) = postSolution
		{9724B01A-7F34-47CD-AE79-146F417AAC0C}.Debug|Any CPU.ActiveCfg = Debug|Any CPU
		{9724B01A-7F34-47CD-AE79-146F417AAC0C}.Debug|Any CPU.Build.0 = Debug|Any CPU
		{9724B01A-7F34-47CD-AE79-146F417AAC0C}.Release|Any CPU.ActiveCfg = Release|Any CPU
		{9724B01A-7F34-47CD-AE79-146F417AAC0C}.Release|Any CPU.Build.0 = Release|Any CPU
	EndGlobalSection
	GlobalSection(SolutionProperties) = preSolution
		HideSolutionNode = FALSE
	EndGlobalSection
	GlobalSection(ExtensibilityGlobals) = postSolution
		SolutionGuid = {37FDFD29-AE35-4194-8AA3-464D4E007AB2}
	EndGlobalSection
EndGlobal
