
Microsoft Visual Studio Solution File, Format Version 12.00
# Visual Studio Version 16
VisualStudioVersion = 16.0.33423.256
MinimumVisualStudioVersion = 10.0.40219.1
Project("{FAE04EC0-301F-11D3-BF4B-00C04F79EFBC}") = "WEEK 4 UNI STUDENT RECORD", "WEEK 4 UNI STUDENT RECORD\WEEK 4 UNI STUDENT RECORD.csproj", "{4345749F-E9F2-4F33-9D3D-B12238AEEE75}"
EndProject
Global
	GlobalSection(SolutionConfigurationPlatforms) = preSolution
		Debug|Any CPU = Debug|Any CPU
		Release|Any CPU = Release|Any CPU
	EndGlobalSection
	GlobalSection(ProjectConfigurationPlatforms) = postSolution
		{4345749F-E9F2-4F33-9D3D-B12238AEEE75}.Debug|Any CPU.ActiveCfg = Debug|Any CPU
		{4345749F-E9F2-4F33-9D3D-B12238AEEE75}.Debug|Any CPU.Build.0 = Debug|Any CPU
		{4345749F-E9F2-4F33-9D3D-B12238AEEE75}.Release|Any CPU.ActiveCfg = Release|Any CPU
		{4345749F-E9F2-4F33-9D3D-B12238AEEE75}.Release|Any CPU.Build.0 = Release|Any CPU
	EndGlobalSection
	GlobalSection(SolutionProperties) = preSolution
		HideSolutionNode = FALSE
	EndGlobalSection
	GlobalSection(ExtensibilityGlobals) = postSolution
		SolutionGuid = {DB48A8E2-DC78-4F98-AC70-3055E95EB00F}
	EndGlobalSection
EndGlobal
