
Microsoft Visual Studio Solution File, Format Version 12.00
# Visual Studio Version 16
VisualStudioVersion = 16.0.33423.256
MinimumVisualStudioVersion = 10.0.40219.1
Project("{FAE04EC0-301F-11D3-BF4B-00C04F79EFBC}") = "FIRE BOY V3", "FIRE BOY V3\FIRE BOY V3.csproj", "{2E9AFEBB-A22E-4BF1-91E0-6964FB277FC5}"
EndProject
Global
	GlobalSection(SolutionConfigurationPlatforms) = preSolution
		Debug|Any CPU = Debug|Any CPU
		Release|Any CPU = Release|Any CPU
	EndGlobalSection
	GlobalSection(ProjectConfigurationPlatforms) = postSolution
		{2E9AFEBB-A22E-4BF1-91E0-6964FB277FC5}.Debug|Any CPU.ActiveCfg = Debug|Any CPU
		{2E9AFEBB-A22E-4BF1-91E0-6964FB277FC5}.Debug|Any CPU.Build.0 = Debug|Any CPU
		{2E9AFEBB-A22E-4BF1-91E0-6964FB277FC5}.Release|Any CPU.ActiveCfg = Release|Any CPU
		{2E9AFEBB-A22E-4BF1-91E0-6964FB277FC5}.Release|Any CPU.Build.0 = Release|Any CPU
	EndGlobalSection
	GlobalSection(SolutionProperties) = preSolution
		HideSolutionNode = FALSE
	EndGlobalSection
	GlobalSection(ExtensibilityGlobals) = postSolution
		SolutionGuid = {D329281A-C57E-4329-8075-AC670573CFF5}
	EndGlobalSection
EndGlobal
