
Microsoft Visual Studio Solution File, Format Version 12.00
# Visual Studio Version 16
VisualStudioVersion = 16.0.33423.256
MinimumVisualStudioVersion = 10.0.40219.1
Project("{FAE04EC0-301F-11D3-BF4B-00C04F79EFBC}") = "WEEK 8 PROBLEM 4", "WEEK 8 PROBLEM 4\WEEK 8 PROBLEM 4.csproj", "{06C29F40-CBE3-47AD-A86C-56A0445F5676}"
EndProject
Global
	GlobalSection(SolutionConfigurationPlatforms) = preSolution
		Debug|Any CPU = Debug|Any CPU
		Release|Any CPU = Release|Any CPU
	EndGlobalSection
	GlobalSection(ProjectConfigurationPlatforms) = postSolution
		{06C29F40-CBE3-47AD-A86C-56A0445F5676}.Debug|Any CPU.ActiveCfg = Debug|Any CPU
		{06C29F40-CBE3-47AD-A86C-56A0445F5676}.Debug|Any CPU.Build.0 = Debug|Any CPU
		{06C29F40-CBE3-47AD-A86C-56A0445F5676}.Release|Any CPU.ActiveCfg = Release|Any CPU
		{06C29F40-CBE3-47AD-A86C-56A0445F5676}.Release|Any CPU.Build.0 = Release|Any CPU
	EndGlobalSection
	GlobalSection(SolutionProperties) = preSolution
		HideSolutionNode = FALSE
	EndGlobalSection
	GlobalSection(ExtensibilityGlobals) = postSolution
		SolutionGuid = {4B04CC11-8259-4736-ACDE-030A2679FA59}
	EndGlobalSection
EndGlobal
