
Microsoft Visual Studio Solution File, Format Version 12.00
# Visual Studio Version 16
VisualStudioVersion = 16.0.33423.256
MinimumVisualStudioVersion = 10.0.40219.1
Project("{FAE04EC0-301F-11D3-BF4B-00C04F79EFBC}") = "HMS V6", "HMS V6\HMS V6.csproj", "{769AF5C3-96C3-41C4-83BE-365E1E2284BB}"
EndProject
Global
	GlobalSection(SolutionConfigurationPlatforms) = preSolution
		Debug|Any CPU = Debug|Any CPU
		Release|Any CPU = Release|Any CPU
	EndGlobalSection
	GlobalSection(ProjectConfigurationPlatforms) = postSolution
		{769AF5C3-96C3-41C4-83BE-365E1E2284BB}.Debug|Any CPU.ActiveCfg = Debug|Any CPU
		{769AF5C3-96C3-41C4-83BE-365E1E2284BB}.Debug|Any CPU.Build.0 = Debug|Any CPU
		{769AF5C3-96C3-41C4-83BE-365E1E2284BB}.Release|Any CPU.ActiveCfg = Release|Any CPU
		{769AF5C3-96C3-41C4-83BE-365E1E2284BB}.Release|Any CPU.Build.0 = Release|Any CPU
	EndGlobalSection
	GlobalSection(SolutionProperties) = preSolution
		HideSolutionNode = FALSE
	EndGlobalSection
	GlobalSection(ExtensibilityGlobals) = postSolution
		SolutionGuid = {0DD868DF-09BC-4C3B-A705-F861EF3E0EEB}
	EndGlobalSection
EndGlobal
